{
  "name": "langcheck",
  "version": "1.1.0",
  "lockfileVersion": 1,
  "requires": true,
  "dependencies": {
    "classificator": {
      "version": "0.3.2",
      "resolved": "https://registry.npmjs.org/classificator/-/classificator-0.3.2.tgz",
      "integrity": "sha512-B69pTuf/CEmvBXQ5XRpoHDJi9wHrQMwzSsq1y8W2MF/ltGyksUbvvN6TbNvc0amuG4DNq9d7E8r5bFx7M6pCdg==",
      "requires": {
        "decimal.js": "^10.0.0"
      }
    },
    "decimal.js": {
      "version": "10.0.1",
      "resolved": "https://registry.npmjs.org/decimal.js/-/decimal.js-10.0.1.tgz",
      "integrity": "sha512-vklWB5C4Cj423xnaOtsUmAv0/7GqlXIgDv2ZKDyR64OV3OSzGHNx2mk4p/1EKnB5s70k73cIOOEcG9YzF0q4Lw=="
    }
  }
}
